
Microsoft Visual Studio Solution File, Format Version 12.00
# Visual Studio Version 17
VisualStudioVersion = 17.13.35931.197 d17.13
MinimumVisualStudioVersion = 10.0.40219.1
Project("{FAE04EC0-301F-11D3-BF4B-00C04F79EFBC}") = "TLSPL-ProdutBackEnd", "TLSPL-ProdutBackEnd\TLSPL-ProdutBackEnd.csproj", "{DE28A0BD-838E-497A-AE34-D2D410D60E48}"
EndProject
Global
	GlobalSection(SolutionConfigurationPlatforms) = preSolution
		Debug|Any CPU = Debug|Any CPU
		Release|Any CPU = Release|Any CPU
	EndGlobalSection
	GlobalSection(ProjectConfigurationPlatforms) = postSolution
		{DE28A0BD-838E-497A-AE34-D2D410D60E48}.Debug|Any CPU.ActiveCfg = Debug|Any CPU
		{DE28A0BD-838E-497A-AE34-D2D410D60E48}.Debug|Any CPU.Build.0 = Debug|Any CPU
		{DE28A0BD-838E-497A-AE34-D2D410D60E48}.Release|Any CPU.ActiveCfg = Release|Any CPU
		{DE28A0BD-838E-497A-AE34-D2D410D60E48}.Release|Any CPU.Build.0 = Release|Any CPU
	EndGlobalSection
	GlobalSection(SolutionProperties) = preSolution
		HideSolutionNode = FALSE
	EndGlobalSection
	GlobalSection(ExtensibilityGlobals) = postSolution
		SolutionGuid = {331CE212-65EE-4CF7-96E7-5F32E39A5430}
	EndGlobalSection
EndGlobal
